
Microsoft Visual Studio Solution File, Format Version 12.00
# Visual Studio Version 16
VisualStudioVersion = 16.0.30002.166
MinimumVisualStudioVersion = 10.0.40219.1
Project("{FAE04EC0-301F-11D3-BF4B-00C04F79EFBC}") = "Disk To Disk with cs", "Disk To Disk with cs\Disk To Disk with cs.csproj", "{B1834384-FB5C-40D4-A066-987F3ADFC880}"
EndProject
Global
	GlobalSection(SolutionConfigurationPlatforms) = preSolution
		Debug|Any CPU = Debug|Any CPU
		Release|Any CPU = Release|Any CPU
	EndGlobalSection
	GlobalSection(ProjectConfigurationPlatforms) = postSolution
		{B1834384-FB5C-40D4-A066-987F3ADFC880}.Debug|Any CPU.ActiveCfg = Debug|Any CPU
		{B1834384-FB5C-40D4-A066-987F3ADFC880}.Debug|Any CPU.Build.0 = Debug|Any CPU
		{B1834384-FB5C-40D4-A066-987F3ADFC880}.Release|Any CPU.ActiveCfg = Release|Any CPU
		{B1834384-FB5C-40D4-A066-987F3ADFC880}.Release|Any CPU.Build.0 = Release|Any CPU
	EndGlobalSection
	GlobalSection(SolutionProperties) = preSolution
		HideSolutionNode = FALSE
	EndGlobalSection
	GlobalSection(ExtensibilityGlobals) = postSolution
		SolutionGuid = {BED2FCAD-945B-49DF-825E-362E03FE0555}
	EndGlobalSection
EndGlobal
